// !$*UTF8*$!
{
	archiveVersion = 1;
	classes = {
	};
	objectVersion = 56;
	objects = {

/* Begin PBXBuildFile section */
		776E925B2AE0456C00CD5E39 /* DataModel.swift in Sources */ = {isa = PBXBuildFile; fileRef = 776E925A2AE0456C00CD5E39 /* DataModel.swift */; };
		776E925C2AE061BC00CD5E39 /* HeaderView.swift in Sources */ = {isa = PBXBuildFile; fileRef = 77ECB3CC2AE0370900C413C6 /* HeaderView.swift */; };
		776E925D2AE061BC00CD5E39 /* DataModel.swift in Sources */ = {isa = PBXBuildFile; fileRef = 776E925A2AE0456C00CD5E39 /* DataModel.swift */; };
		776E925E2AE061BC00CD5E39 /* ContentView.swift in Sources */ = {isa = PBXBuildFile; fileRef = 77ECB3A92AE0245E00C413C6 /* ContentView.swift */; };
		776E92602AE0659D00CD5E39 /* ListCellView.swift in Sources */ = {isa = PBXBuildFile; fileRef = 776E925F2AE0659D00CD5E39 /* ListCellView.swift */; };
		776E92612AE065AF00CD5E39 /* ListCellView.swift in Sources */ = {isa = PBXBuildFile; fileRef = 776E925F2AE0659D00CD5E39 /* ListCellView.swift */; };
		77ECB3A82AE0245E00C413C6 /* StocksApp.swift in Sources */ = {isa = PBXBuildFile; fileRef = 77ECB3A72AE0245E00C413C6 /* StocksApp.swift */; };
		77ECB3AA2AE0245E00C413C6 /* ContentView.swift in Sources */ = {isa = PBXBuildFile; fileRef = 77ECB3A92AE0245E00C413C6 /* ContentView.swift */; };
		77ECB3AC2AE0246100C413C6 /* Assets.xcassets in Resources */ = {isa = PBXBuildFile; fileRef = 77ECB3AB2AE0246100C413C6 /* Assets.xcassets */; };
		77ECB3AF2AE0246100C413C6 /* Preview Assets.xcassets in Resources */ = {isa = PBXBuildFile; fileRef = 77ECB3AE2AE0246100C413C6 /* Preview Assets.xcassets */; };
		77ECB3BC2AE024B700C413C6 /* WidgetKit.framework in Frameworks */ = {isa = PBXBuildFile; fileRef = 77ECB3BB2AE024B700C413C6 /* WidgetKit.framework */; };
		77ECB3BE2AE024B700C413C6 /* SwiftUI.framework in Frameworks */ = {isa = PBXBuildFile; fileRef = 77ECB3BD2AE024B700C413C6 /* SwiftUI.framework */; };
		77ECB3C12AE024B700C413C6 /* Stocks_ExWidget.swift in Sources */ = {isa = PBXBuildFile; fileRef = 77ECB3C02AE024B700C413C6 /* Stocks_ExWidget.swift */; };
		77ECB3C32AE024BA00C413C6 /* Assets.xcassets in Resources */ = {isa = PBXBuildFile; fileRef = 77ECB3C22AE024BA00C413C6 /* Assets.xcassets */; };
		77ECB3C72AE024BA00C413C6 /* Stocks_ExWidgetExtension.appex in Embed Foundation Extensions */ = {isa = PBXBuildFile; fileRef = 77ECB3B92AE024B700C413C6 /* Stocks_ExWidgetExtension.appex */; settings = {ATTRIBUTES = (RemoveHeadersOnCopy, ); }; };
		77ECB3CD2AE0370900C413C6 /* HeaderView.swift in Sources */ = {isa = PBXBuildFile; fileRef = 77ECB3CC2AE0370900C413C6 /* HeaderView.swift */; };
/* End PBXBuildFile section */

/* Begin PBXContainerItemProxy section */
		77ECB3C52AE024BA00C413C6 /* PBXContainerItemProxy */ = {
			isa = PBXContainerItemProxy;
			containerPortal = 77ECB39C2AE0245D00C413C6 /* Project object */;
			proxyType = 1;
			remoteGlobalIDString = 77ECB3B82AE024B700C413C6;
			remoteInfo = Stocks_ExWidgetExtension;
		};
/* End PBXContainerItemProxy section */

/* Begin PBXCopyFilesBuildPhase section */
		77ECB3CB2AE024BA00C413C6 /* Embed Foundation Extensions */ = {
			isa = PBXCopyFilesBuildPhase;
			buildActionMask = 2147483647;
			dstPath = "";
			dstSubfolderSpec = 13;
			files = (
				77ECB3C72AE024BA00C413C6 /* Stocks_ExWidgetExtension.appex in Embed Foundation Extensions */,
			);
			name = "Embed Foundation Extensions";
			runOnlyForDeploymentPostprocessing = 0;
		};
/* End PBXCopyFilesBuildPhase section */

/* Begin PBXFileReference section */
		776E925A2AE0456C00CD5E39 /* DataModel.swift */ = {isa = PBXFileReference; lastKnownFileType = sourcecode.swift; path = DataModel.swift; sourceTree = "<group>"; };
		776E925F2AE0659D00CD5E39 /* ListCellView.swift */ = {isa = PBXFileReference; lastKnownFileType = sourcecode.swift; path = ListCellView.swift; sourceTree = "<group>"; };
		77ECB3A42AE0245E00C413C6 /* Stocks.app */ = {isa = PBXFileReference; explicitFileType = wrapper.application; includeInIndex = 0; path = Stocks.app; sourceTree = BUILT_PRODUCTS_DIR; };
		77ECB3A72AE0245E00C413C6 /* StocksApp.swift */ = {isa = PBXFileReference; lastKnownFileType = sourcecode.swift; path = StocksApp.swift; sourceTree = "<group>"; };
		77ECB3A92AE0245E00C413C6 /* ContentView.swift */ = {isa = PBXFileReference; lastKnownFileType = sourcecode.swift; path = ContentView.swift; sourceTree = "<group>"; };
		77ECB3AB2AE0246100C413C6 /* Assets.xcassets */ = {isa = PBXFileReference; lastKnownFileType = folder.assetcatalog; path = Assets.xcassets; sourceTree = "<group>"; };
		77ECB3AE2AE0246100C413C6 /* Preview Assets.xcassets */ = {isa = PBXFileReference; lastKnownFileType = folder.assetcatalog; path = "Preview Assets.xcassets"; sourceTree = "<group>"; };
		77ECB3B92AE024B700C413C6 /* Stocks_ExWidgetExtension.appex */ = {isa = PBXFileReference; explicitFileType = "wrapper.app-extension"; includeInIndex = 0; path = Stocks_ExWidgetExtension.appex; sourceTree = BUILT_PRODUCTS_DIR; };
		77ECB3BB2AE024B700C413C6 /* WidgetKit.framework */ = {isa = PBXFileReference; lastKnownFileType = wrapper.framework; name = WidgetKit.framework; path = System/Library/Frameworks/WidgetKit.framework; sourceTree = SDKROOT; };
		77ECB3BD2AE024B700C413C6 /* SwiftUI.framework */ = {isa = PBXFileReference; lastKnownFileType = wrapper.framework; name = SwiftUI.framework; path = System/Library/Frameworks/SwiftUI.framework; sourceTree = SDKROOT; };
		77ECB3C02AE024B700C413C6 /* Stocks_ExWidget.swift */ = {isa = PBXFileReference; lastKnownFileType = sourcecode.swift; path = Stocks_ExWidget.swift; sourceTree = "<group>"; };
		77ECB3C22AE024BA00C413C6 /* Assets.xcassets */ = {isa = PBXFileReference; lastKnownFileType = folder.assetcatalog; path = Assets.xcassets; sourceTree = "<group>"; };
		77ECB3C42AE024BA00C413C6 /* Info.plist */ = {isa = PBXFileReference; lastKnownFileType = text.plist.xml; path = Info.plist; sourceTree = "<group>"; };
		77ECB3CC2AE0370900C413C6 /* HeaderView.swift */ = {isa = PBXFileReference; lastKnownFileType = sourcecode.swift; path = HeaderView.swift; sourceTree = "<group>"; };
/* End PBXFileReference section */

/* Begin PBXFrameworksBuildPhase section */
		77ECB3A12AE0245D00C413C6 /* Frameworks */ = {
			isa = PBXFrameworksBuildPhase;
			buildActionMask = 2147483647;
			files = (
			);
			runOnlyForDeploymentPostprocessing = 0;
		};
		77ECB3B62AE024B700C413C6 /* Frameworks */ = {
			isa = PBXFrameworksBuildPhase;
			buildActionMask = 2147483647;
			files = (
				77ECB3BE2AE024B700C413C6 /* SwiftUI.framework in Frameworks */,
				77ECB3BC2AE024B700C413C6 /* WidgetKit.framework in Frameworks */,
			);
			runOnlyForDeploymentPostprocessing = 0;
		};
/* End PBXFrameworksBuildPhase section */

/* Begin PBXGroup section */
		77ECB39B2AE0245D00C413C6 = {
			isa = PBXGroup;
			children = (
				77ECB3A62AE0245E00C413C6 /* Stocks */,
				77ECB3BF2AE024B700C413C6 /* Stocks_ExWidget */,
				77ECB3BA2AE024B700C413C6 /* Frameworks */,
				77ECB3A52AE0245E00C413C6 /* Products */,
			);
			sourceTree = "<group>";
		};
		77ECB3A52AE0245E00C413C6 /* Products */ = {
			isa = PBXGroup;
			children = (
				77ECB3A42AE0245E00C413C6 /* Stocks.app */,
				77ECB3B92AE024B700C413C6 /* Stocks_ExWidgetExtension.appex */,
			);
			name = Products;
			sourceTree = "<group>";
		};
		77ECB3A62AE0245E00C413C6 /* Stocks */ = {
			isa = PBXGroup;
			children = (
				77ECB3A72AE0245E00C413C6 /* StocksApp.swift */,
				77ECB3A92AE0245E00C413C6 /* ContentView.swift */,
				776E925F2AE0659D00CD5E39 /* ListCellView.swift */,
				776E925A2AE0456C00CD5E39 /* DataModel.swift */,
				77ECB3CC2AE0370900C413C6 /* HeaderView.swift */,
				77ECB3AB2AE0246100C413C6 /* Assets.xcassets */,
				77ECB3AD2AE0246100C413C6 /* Preview Content */,
			);
			path = Stocks;
			sourceTree = "<group>";
		};
		77ECB3AD2AE0246100C413C6 /* Preview Content */ = {
			isa = PBXGroup;
			children = (
				77ECB3AE2AE0246100C413C6 /* Preview Assets.xcassets */,
			);
			path = "Preview Content";
			sourceTree = "<group>";
		};
		77ECB3BA2AE024B700C413C6 /* Frameworks */ = {
			isa = PBXGroup;
			children = (
				77ECB3BB2AE024B700C413C6 /* WidgetKit.framework */,
				77ECB3BD2AE024B700C413C6 /* SwiftUI.framework */,
			);
			name = Frameworks;
			sourceTree = "<group>";
		};
		77ECB3BF2AE024B700C413C6 /* Stocks_ExWidget */ = {
			isa = PBXGroup;
			children = (
				77ECB3C02AE024B700C413C6 /* Stocks_ExWidget.swift */,
				77ECB3C22AE024BA00C413C6 /* Assets.xcassets */,
				77ECB3C42AE024BA00C413C6 /* Info.plist */,
			);
			path = Stocks_ExWidget;
			sourceTree = "<group>";
		};
/* End PBXGroup section */

/* Begin PBXNativeTarget section */
		77ECB3A32AE0245D00C413C6 /* Stocks */ = {
			isa = PBXNativeTarget;
			buildConfigurationList = 77ECB3B22AE0246100C413C6 /* Build configuration list for PBXNativeTarget "Stocks" */;
			buildPhases = (
				77ECB3A02AE0245D00C413C6 /* Sources */,
				77ECB3A12AE0245D00C413C6 /* Frameworks */,
				77ECB3A22AE0245D00C413C6 /* Resources */,
				77ECB3CB2AE024BA00C413C6 /* Embed Foundation Extensions */,
			);
			buildRules = (
			);
			dependencies = (
				77ECB3C62AE024BA00C413C6 /* PBXTargetDependency */,
			);
			name = Stocks;
			productName = Stocks;
			productReference = 77ECB3A42AE0245E00C413C6 /* Stocks.app */;
			productType = "com.apple.product-type.application";
		};
		77ECB3B82AE024B700C413C6 /* Stocks_ExWidgetExtension */ = {
			isa = PBXNativeTarget;
			buildConfigurationList = 77ECB3C82AE024BA00C413C6 /* Build configuration list for PBXNativeTarget "Stocks_ExWidgetExtension" */;
			buildPhases = (
				77ECB3B52AE024B700C413C6 /* Sources */,
				77ECB3B62AE024B700C413C6 /* Frameworks */,
				77ECB3B72AE024B700C413C6 /* Resources */,
			);
			buildRules = (
			);
			dependencies = (
			);
			name = Stocks_ExWidgetExtension;
			productName = Stocks_ExWidgetExtension;
			productReference = 77ECB3B92AE024B700C413C6 /* Stocks_ExWidgetExtension.appex */;
			productType = "com.apple.product-type.app-extension";
		};
/* End PBXNativeTarget section */

/* Begin PBXProject section */
		77ECB39C2AE0245D00C413C6 /* Project object */ = {
			isa = PBXProject;
			attributes = {
				BuildIndependentTargetsInParallel = 1;
				LastSwiftUpdateCheck = 1400;
				LastUpgradeCheck = 1400;
				TargetAttributes = {
					77ECB3A32AE0245D00C413C6 = {
						CreatedOnToolsVersion = 14.0.1;
					};
					77ECB3B82AE024B700C413C6 = {
						CreatedOnToolsVersion = 14.0.1;
					};
				};
			};
			buildConfigurationList = 77ECB39F2AE0245D00C413C6 /* Build configuration list for PBXProject "Stocks" */;
			compatibilityVersion = "Xcode 14.0";
			developmentRegion = en;
			hasScannedForEncodings = 0;
			knownRegions = (
				en,
				Base,
			);
			mainGroup = 77ECB39B2AE0245D00C413C6;
			productRefGroup = 77ECB3A52AE0245E00C413C6 /* Products */;
			projectDirPath = "";
			projectRoot = "";
			targets = (
				77ECB3A32AE0245D00C413C6 /* Stocks */,
				77ECB3B82AE024B700C413C6 /* Stocks_ExWidgetExtension */,
			);
		};
/* End PBXProject section */

/* Begin PBXResourcesBuildPhase section */
		77ECB3A22AE0245D00C413C6 /* Resources */ = {
			isa = PBXResourcesBuildPhase;
			buildActionMask = 2147483647;
			files = (
				77ECB3AF2AE0246100C413C6 /* Preview Assets.xcassets in Resources */,
				77ECB3AC2AE0246100C413C6 /* Assets.xcassets in Resources */,
			);
			runOnlyForDeploymentPostprocessing = 0;
		};
		77ECB3B72AE024B700C413C6 /* Resources */ = {
			isa = PBXResourcesBuildPhase;
			buildActionMask = 2147483647;
			files = (
				77ECB3C32AE024BA00C413C6 /* Assets.xcassets in Resources */,
			);
			runOnlyForDeploymentPostprocessing = 0;
		};
/* End PBXResourcesBuildPhase section */

/* Begin PBXSourcesBuildPhase section */
		77ECB3A02AE0245D00C413C6 /* Sources */ = {
			isa = PBXSourcesBuildPhase;
			buildActionMask = 2147483647;
			files = (
				77ECB3AA2AE0245E00C413C6 /* ContentView.swift in Sources */,
				776E925B2AE0456C00CD5E39 /* DataModel.swift in Sources */,
				77ECB3CD2AE0370900C413C6 /* HeaderView.swift in Sources */,
				77ECB3A82AE0245E00C413C6 /* StocksApp.swift in Sources */,
				776E92602AE0659D00CD5E39 /* ListCellView.swift in Sources */,
			);
			runOnlyForDeploymentPostprocessing = 0;
		};
		77ECB3B52AE024B700C413C6 /* Sources */ = {
			isa = PBXSourcesBuildPhase;
			buildActionMask = 2147483647;
			files = (
				77ECB3C12AE024B700C413C6 /* Stocks_ExWidget.swift in Sources */,
				776E925C2AE061BC00CD5E39 /* HeaderView.swift in Sources */,
				776E925E2AE061BC00CD5E39 /* ContentView.swift in Sources */,
				776E925D2AE061BC00CD5E39 /* DataModel.swift in Sources */,
				776E92612AE065AF00CD5E39 /* ListCellView.swift in Sources */,
			);
			runOnlyForDeploymentPostprocessing = 0;
		};
/* End PBXSourcesBuildPhase section */

/* Begin PBXTargetDependency section */
		77ECB3C62AE024BA00C413C6 /* PBXTargetDependency */ = {
			isa = PBXTargetDependency;
			target = 77ECB3B82AE024B700C413C6 /* Stocks_ExWidgetExtension */;
			targetProxy = 77ECB3C52AE024BA00C413C6 /* PBXContainerItemProxy */;
		};
/* End PBXTargetDependency section */

/* Begin XCBuildConfiguration section */
		77ECB3B02AE0246100C413C6 /* Debug */ = {
			isa = XCBuildConfiguration;
			buildSettings = {
				ALWAYS_SEARCH_USER_PATHS = NO;
				CLANG_ANALYZER_NONNULL = YES;
				CLANG_ANALYZER_NUMBER_OBJECT_CONVERSION = YES_AGGRESSIVE;
				CLANG_CXX_LANGUAGE_STANDARD = "gnu++20";
				CLANG_ENABLE_MODULES = YES;
				CLANG_ENABLE_OBJC_ARC = YES;
				CLANG_ENABLE_OBJC_WEAK = YES;
				CLANG_WARN_BLOCK_CAPTURE_AUTORELEASING = YES;
				CLANG_WARN_BOOL_CONVERSION = YES;
				CLANG_WARN_COMMA = YES;
				CLANG_WARN_CONSTANT_CONVERSION = YES;
				CLANG_WARN_DEPRECATED_OBJC_IMPLEMENTATIONS = YES;
				CLANG_WARN_DIRECT_OBJC_ISA_USAGE = YES_ERROR;
				CLANG_WARN_DOCUMENTATION_COMMENTS = YES;
				CLANG_WARN_EMPTY_BODY = YES;
				CLANG_WARN_ENUM_CONVERSION = YES;
				CLANG_WARN_INFINITE_RECURSION = YES;
				CLANG_WARN_INT_CONVERSION = YES;
				CLANG_WARN_NON_LITERAL_NULL_CONVERSION = YES;
				CLANG_WARN_OBJC_IMPLICIT_RETAIN_SELF = YES;
				CLANG_WARN_OBJC_LITERAL_CONVERSION = YES;
				CLANG_WARN_OBJC_ROOT_CLASS = YES_ERROR;
				CLANG_WARN_QUOTED_INCLUDE_IN_FRAMEWORK_HEADER = YES;
				CLANG_WARN_RANGE_LOOP_ANALYSIS = YES;
				CLANG_WARN_STRICT_PROTOTYPES = YES;
				CLANG_WARN_SUSPICIOUS_MOVE = YES;
				CLANG_WARN_UNGUARDED_AVAILABILITY = YES_AGGRESSIVE;
				CLANG_WARN_UNREACHABLE_CODE = YES;
				CLANG_WARN__DUPLICATE_METHOD_MATCH = YES;
				COPY_PHASE_STRIP = NO;
				DEBUG_INFORMATION_FORMAT = dwarf;
				ENABLE_STRICT_OBJC_MSGSEND = YES;
				ENABLE_TESTABILITY = YES;
				GCC_C_LANGUAGE_STANDARD = gnu11;
				GCC_DYNAMIC_NO_PIC = NO;
				GCC_NO_COMMON_BLOCKS = YES;
				GCC_OPTIMIZATION_LEVEL = 0;
				GCC_PREPROCESSOR_DEFINITIONS = (
					"DEBUG=1",
					"$(inherited)",
				);
				GCC_WARN_64_TO_32_BIT_CONVERSION = YES;
				GCC_WARN_ABOUT_RETURN_TYPE = YES_ERROR;
				GCC_WARN_UNDECLARED_SELECTOR = YES;
				GCC_WARN_UNINITIALIZED_AUTOS = YES_AGGRESSIVE;
				GCC_WARN_UNUSED_FUNCTION = YES;
				GCC_WARN_UNUSED_VARIABLE = YES;
				IPHONEOS_DEPLOYMENT_TARGET = 16.0;
				MTL_ENABLE_DEBUG_INFO = INCLUDE_SOURCE;
				MTL_FAST_MATH = YES;
				ONLY_ACTIVE_ARCH = YES;
				SDKROOT = iphoneos;
				SWIFT_ACTIVE_COMPILATION_CONDITIONS = DEBUG;
				SWIFT_OPTIMIZATION_LEVEL = "-Onone";
			};
			name = Debug;
		};
		77ECB3B12AE0246100C413C6 /* Release */ = {
			isa = XCBuildConfiguration;
			buildSettings = {
				ALWAYS_SEARCH_USER_PATHS = NO;
				CLANG_ANALYZER_NONNULL = YES;
				CLANG_ANALYZER_NUMBER_OBJECT_CONVERSION = YES_AGGRESSIVE;
				CLANG_CXX_LANGUAGE_STANDARD = "gnu++20";
				CLANG_ENABLE_MODULES = YES;
				CLANG_ENABLE_OBJC_ARC = YES;
				CLANG_ENABLE_OBJC_WEAK = YES;
				CLANG_WARN_BLOCK_CAPTURE_AUTORELEASING = YES;
				CLANG_WARN_BOOL_CONVERSION = YES;
				CLANG_WARN_COMMA = YES;
				CLANG_WARN_CONSTANT_CONVERSION = YES;
				CLANG_WARN_DEPRECATED_OBJC_IMPLEMENTATIONS = YES;
				CLANG_WARN_DIRECT_OBJC_ISA_USAGE = YES_ERROR;
				CLANG_WARN_DOCUMENTATION_COMMENTS = YES;
				CLANG_WARN_EMPTY_BODY = YES;
				CLANG_WARN_ENUM_CONVERSION = YES;
				CLANG_WARN_INFINITE_RECURSION = YES;
				CLANG_WARN_INT_CONVERSION = YES;
				CLANG_WARN_NON_LITERAL_NULL_CONVERSION = YES;
				CLANG_WARN_OBJC_IMPLICIT_RETAIN_SELF = YES;
				CLANG_WARN_OBJC_LITERAL_CONVERSION = YES;
				CLANG_WARN_OBJC_ROOT_CLASS = YES_ERROR;
				CLANG_WARN_QUOTED_INCLUDE_IN_FRAMEWORK_HEADER = YES;
				CLANG_WARN_RANGE_LOOP_ANALYSIS = YES;
				CLANG_WARN_STRICT_PROTOTYPES = YES;
				CLANG_WARN_SUSPICIOUS_MOVE = YES;
				CLANG_WARN_UNGUARDED_AVAILABILITY = YES_AGGRESSIVE;
				CLANG_WARN_UNREACHABLE_CODE = YES;
				CLANG_WARN__DUPLICATE_METHOD_MATCH = YES;
				COPY_PHASE_STRIP = NO;
				DEBUG_INFORMATION_FORMAT = "dwarf-with-dsym";
				ENABLE_NS_ASSERTIONS = NO;
				ENABLE_STRICT_OBJC_MSGSEND = YES;
				GCC_C_LANGUAGE_STANDARD = gnu11;
				GCC_NO_COMMON_BLOCKS = YES;
				GCC_WARN_64_TO_32_BIT_CONVERSION = YES;
				GCC_WARN_ABOUT_RETURN_TYPE = YES_ERROR;
				GCC_WARN_UNDECLARED_SELECTOR = YES;
				GCC_WARN_UNINITIALIZED_AUTOS = YES_AGGRESSIVE;
				GCC_WARN_UNUSED_FUNCTION = YES;
				GCC_WARN_UNUSED_VARIABLE = YES;
				IPHONEOS_DEPLOYMENT_TARGET = 16.0;
				MTL_ENABLE_DEBUG_INFO = NO;
				MTL_FAST_MATH = YES;
				SDKROOT = iphoneos;
				SWIFT_COMPILATION_MODE = wholemodule;
				SWIFT_OPTIMIZATION_LEVEL = "-O";
				VALIDATE_PRODUCT = YES;
			};
			name = Release;
		};
		77ECB3B32AE0246100C413C6 /* Debug */ = {
			isa = XCBuildConfiguration;
			buildSettings = {
				ALWAYS_EMBED_SWIFT_STANDARD_LIBRARIES = YES;
				ASSETCATALOG_COMPILER_APPICON_NAME = AppIcon;
				ASSETCATALOG_COMPILER_GLOBAL_ACCENT_COLOR_NAME = AccentColor;
				CODE_SIGN_STYLE = Automatic;
				CURRENT_PROJECT_VERSION = 1;
				DEVELOPMENT_ASSET_PATHS = "\"Stocks/Preview Content\"";
				ENABLE_PREVIEWS = YES;
				GENERATE_INFOPLIST_FILE = YES;
				INFOPLIST_KEY_UIApplicationSceneManifest_Generation = YES;
				INFOPLIST_KEY_UIApplicationSupportsIndirectInputEvents = YES;
				INFOPLIST_KEY_UILaunchScreen_Generation = YES;
				INFOPLIST_KEY_UISupportedInterfaceOrientations_iPad = "UIInterfaceOrientationPortrait UIInterfaceOrientationPortraitUpsideDown UIInterfaceOrientationLandscapeLeft UIInterfaceOrientationLandscapeRight";
				INFOPLIST_KEY_UISupportedInterfaceOrientations_iPhone = "UIInterfaceOrientationPortrait UIInterfaceOrientationLandscapeLeft UIInterfaceOrientationLandscapeRight";
				LD_RUNPATH_SEARCH_PATHS = (
					"$(inherited)",
					"@executable_path/Frameworks",
				);
				MARKETING_VERSION = 1.0;
				PRODUCT_BUNDLE_IDENTIFIER = com.esso.Stocks;
				PRODUCT_NAME = "$(TARGET_NAME)";
				SWIFT_EMIT_LOC_STRINGS = YES;
				SWIFT_VERSION = 5.0;
				TARGETED_DEVICE_FAMILY = "1,2";
			};
			name = Debug;
		};
		77ECB3B42AE0246100C413C6 /* Release */ = {
			isa = XCBuildConfiguration;
			buildSettings = {
				ALWAYS_EMBED_SWIFT_STANDARD_LIBRARIES = YES;
				ASSETCATALOG_COMPILER_APPICON_NAME = AppIcon;
				ASSETCATALOG_COMPILER_GLOBAL_ACCENT_COLOR_NAME = AccentColor;
				CODE_SIGN_STYLE = Automatic;
				CURRENT_PROJECT_VERSION = 1;
				DEVELOPMENT_ASSET_PATHS = "\"Stocks/Preview Content\"";
				ENABLE_PREVIEWS = YES;
				GENERATE_INFOPLIST_FILE = YES;
				INFOPLIST_KEY_UIApplicationSceneManifest_Generation = YES;
				INFOPLIST_KEY_UIApplicationSupportsIndirectInputEvents = YES;
				INFOPLIST_KEY_UILaunchScreen_Generation = YES;
				INFOPLIST_KEY_UISupportedInterfaceOrientations_iPad = "UIInterfaceOrientationPortrait UIInterfaceOrientationPortraitUpsideDown UIInterfaceOrientationLandscapeLeft UIInterfaceOrientationLandscapeRight";
				INFOPLIST_KEY_UISupportedInterfaceOrientations_iPhone = "UIInterfaceOrientationPortrait UIInterfaceOrientationLandscapeLeft UIInterfaceOrientationLandscapeRight";
				LD_RUNPATH_SEARCH_PATHS = (
					"$(inherited)",
					"@executable_path/Frameworks",
				);
				MARKETING_VERSION = 1.0;
				PRODUCT_BUNDLE_IDENTIFIER = com.esso.Stocks;
				PRODUCT_NAME = "$(TARGET_NAME)";
				SWIFT_EMIT_LOC_STRINGS = YES;
				SWIFT_VERSION = 5.0;
				TARGETED_DEVICE_FAMILY = "1,2";
			};
			name = Release;
		};
		77ECB3C92AE024BA00C413C6 /* Debug */ = {
			isa = XCBuildConfiguration;
			buildSettings = {
				ASSETCATALOG_COMPILER_GLOBAL_ACCENT_COLOR_NAME = AccentColor;
				ASSETCATALOG_COMPILER_WIDGET_BACKGROUND_COLOR_NAME = WidgetBackground;
				CODE_SIGN_STYLE = Automatic;
				CURRENT_PROJECT_VERSION = 1;
				GENERATE_INFOPLIST_FILE = YES;
				INFOPLIST_FILE = Stocks_ExWidget/Info.plist;
				INFOPLIST_KEY_CFBundleDisplayName = Stocks_ExWidget;
				INFOPLIST_KEY_NSHumanReadableCopyright = "";
				LD_RUNPATH_SEARCH_PATHS = (
					"$(inherited)",
					"@executable_path/Frameworks",
					"@executable_path/../../Frameworks",
				);
				MARKETING_VERSION = 1.0;
				PRODUCT_BUNDLE_IDENTIFIER = "com.esso.Stocks.Stocks-ExWidget";
				PRODUCT_NAME = "$(TARGET_NAME)";
				SKIP_INSTALL = YES;
				SWIFT_EMIT_LOC_STRINGS = YES;
				SWIFT_VERSION = 5.0;
				TARGETED_DEVICE_FAMILY = "1,2";
			};
			name = Debug;
		};
		77ECB3CA2AE024BA00C413C6 /* Release */ = {
			isa = XCBuildConfiguration;
			buildSettings = {
				ASSETCATALOG_COMPILER_GLOBAL_ACCENT_COLOR_NAME = AccentColor;
				ASSETCATALOG_COMPILER_WIDGET_BACKGROUND_COLOR_NAME = WidgetBackground;
				CODE_SIGN_STYLE = Automatic;
				CURRENT_PROJECT_VERSION = 1;
				GENERATE_INFOPLIST_FILE = YES;
				INFOPLIST_FILE = Stocks_ExWidget/Info.plist;
				INFOPLIST_KEY_CFBundleDisplayName = Stocks_ExWidget;
				INFOPLIST_KEY_NSHumanReadableCopyright = "";
				LD_RUNPATH_SEARCH_PATHS = (
					"$(inherited)",
					"@executable_path/Frameworks",
					"@executable_path/../../Frameworks",
				);
				MARKETING_VERSION = 1.0;
				PRODUCT_BUNDLE_IDENTIFIER = "com.esso.Stocks.Stocks-ExWidget";
				PRODUCT_NAME = "$(TARGET_NAME)";
				SKIP_INSTALL = YES;
				SWIFT_EMIT_LOC_STRINGS = YES;
				SWIFT_VERSION = 5.0;
				TARGETED_DEVICE_FAMILY = "1,2";
			};
			name = Release;
		};
/* End XCBuildConfiguration section */

/* Begin XCConfigurationList section */
		77ECB39F2AE0245D00C413C6 /* Build configuration list for PBXProject "Stocks" */ = {
			isa = XCConfigurationList;
			buildConfigurations = (
				77ECB3B02AE0246100C413C6 /* Debug */,
				77ECB3B12AE0246100C413C6 /* Release */,
			);
			defaultConfigurationIsVisible = 0;
			defaultConfigurationName = Release;
		};
		77ECB3B22AE0246100C413C6 /* Build configuration list for PBXNativeTarget "Stocks" */ = {
			isa = XCConfigurationList;
			buildConfigurations = (
				77ECB3B32AE0246100C413C6 /* Debug */,
				77ECB3B42AE0246100C413C6 /* Release */,
			);
			defaultConfigurationIsVisible = 0;
			defaultConfigurationName = Release;
		};
		77ECB3C82AE024BA00C413C6 /* Build configuration list for PBXNativeTarget "Stocks_ExWidgetExtension" */ = {
			isa = XCConfigurationList;
			buildConfigurations = (
				77ECB3C92AE024BA00C413C6 /* Debug */,
				77ECB3CA2AE024BA00C413C6 /* Release */,
			);
			defaultConfigurationIsVisible = 0;
			defaultConfigurationName = Release;
		};
/* End XCConfigurationList section */
	};
	rootObject = 77ECB39C2AE0245D00C413C6 /* Project object */;
}
